// !$*UTF8*$!
{
	archiveVersion = 1;
	classes = {
	};
	objectVersion = 50;
	objects = {

/* Begin PBXBuildFile section */
		F1732A8F213EF7A600EB8CF8 /* AppDelegate.swift in Sources */ = {isa = PBXBuildFile; fileRef = F1732A8E213EF7A600EB8CF8 /* AppDelegate.swift */; };
		F1732A94213EF7A600EB8CF8 /* Main.storyboard in Resources */ = {isa = PBXBuildFile; fileRef = F1732A92213EF7A600EB8CF8 /* Main.storyboard */; };
		F1732A96213EF7A700EB8CF8 /* Assets.xcassets in Resources */ = {isa = PBXBuildFile; fileRef = F1732A95213EF7A700EB8CF8 /* Assets.xcassets */; };
		F1732A99213EF7A700EB8CF8 /* LaunchScreen.storyboard in Resources */ = {isa = PBXBuildFile; fileRef = F1732A97213EF7A700EB8CF8 /* LaunchScreen.storyboard */; };
		F1732AA5213EFA4800EB8CF8 /* PetsTableViewController.swift in Sources */ = {isa = PBXBuildFile; fileRef = F1732AA4213EFA4800EB8CF8 /* PetsTableViewController.swift */; };
		F1732AA7213EFA6600EB8CF8 /* Pets.swift in Sources */ = {isa = PBXBuildFile; fileRef = F1732AA6213EFA6600EB8CF8 /* Pets.swift */; };
/* End PBXBuildFile section */

/* Begin PBXFileReference section */
		F1732A8B213EF7A600EB8CF8 /* Pets.app */ = {isa = PBXFileReference; explicitFileType = wrapper.application; includeInIndex = 0; path = Pets.app; sourceTree = BUILT_PRODUCTS_DIR; };
		F1732A8E213EF7A600EB8CF8 /* AppDelegate.swift */ = {isa = PBXFileReference; lastKnownFileType = sourcecode.swift; path = AppDelegate.swift; sourceTree = "<group>"; };
		F1732A93213EF7A600EB8CF8 /* Base */ = {isa = PBXFileReference; lastKnownFileType = file.storyboard; name = Base; path = Base.lproj/Main.storyboard; sourceTree = "<group>"; };
		F1732A95213EF7A700EB8CF8 /* Assets.xcassets */ = {isa = PBXFileReference; lastKnownFileType = folder.assetcatalog; path = Assets.xcassets; sourceTree = "<group>"; };
		F1732A98213EF7A700EB8CF8 /* Base */ = {isa = PBXFileReference; lastKnownFileType = file.storyboard; name = Base; path = Base.lproj/LaunchScreen.storyboard; sourceTree = "<group>"; };
		F1732A9A213EF7A700EB8CF8 /* Info.plist */ = {isa = PBXFileReference; lastKnownFileType = text.plist.xml; path = Info.plist; sourceTree = "<group>"; };
		F1732AA4213EFA4800EB8CF8 /* PetsTableViewController.swift */ = {isa = PBXFileReference; lastKnownFileType = sourcecode.swift; path = PetsTableViewController.swift; sourceTree = "<group>"; };
		F1732AA6213EFA6600EB8CF8 /* Pets.swift */ = {isa = PBXFileReference; lastKnownFileType = sourcecode.swift; path = Pets.swift; sourceTree = "<group>"; };
/* End PBXFileReference section */

/* Begin PBXFrameworksBuildPhase section */
		F1732A88213EF7A600EB8CF8 /* Frameworks */ = {
			isa = PBXFrameworksBuildPhase;
			buildActionMask = 2147483647;
			files = (
			);
			runOnlyForDeploymentPostprocessing = 0;
		};
/* End PBXFrameworksBuildPhase section */

/* Begin PBXGroup section */
		F1732A82213EF7A600EB8CF8 = {
			isa = PBXGroup;
			children = (
				F1732A8D213EF7A600EB8CF8 /* Pets */,
				F1732A8C213EF7A600EB8CF8 /* Products */,
			);
			sourceTree = "<group>";
		};
		F1732A8C213EF7A600EB8CF8 /* Products */ = {
			isa = PBXGroup;
			children = (
				F1732A8B213EF7A600EB8CF8 /* Pets.app */,
			);
			name = Products;
			sourceTree = "<group>";
		};
		F1732A8D213EF7A600EB8CF8 /* Pets */ = {
			isa = PBXGroup;
			children = (
				F1732AA3213EF7F400EB8CF8 /* Models */,
				F1732AA1213EF7DD00EB8CF8 /* Views */,
				F1732AA2213EF7E600EB8CF8 /* Controllers */,
				F1732AA0213EF7D100EB8CF8 /* Resources */,
			);
			path = Pets;
			sourceTree = "<group>";
		};
		F1732AA0213EF7D100EB8CF8 /* Resources */ = {
			isa = PBXGroup;
			children = (
				F1732A8E213EF7A600EB8CF8 /* AppDelegate.swift */,
				F1732A95213EF7A700EB8CF8 /* Assets.xcassets */,
				F1732A9A213EF7A700EB8CF8 /* Info.plist */,
			);
			path = Resources;
			sourceTree = "<group>";
		};
		F1732AA1213EF7DD00EB8CF8 /* Views */ = {
			isa = PBXGroup;
			children = (
				F1732A92213EF7A600EB8CF8 /* Main.storyboard */,
				F1732A97213EF7A700EB8CF8 /* LaunchScreen.storyboard */,
			);
			path = Views;
			sourceTree = "<group>";
		};
		F1732AA2213EF7E600EB8CF8 /* Controllers */ = {
			isa = PBXGroup;
			children = (
				F1732AA4213EFA4800EB8CF8 /* PetsTableViewController.swift */,
			);
			path = Controllers;
			sourceTree = "<group>";
		};
		F1732AA3213EF7F400EB8CF8 /* Models */ = {
			isa = PBXGroup;
			children = (
				F1732AA6213EFA6600EB8CF8 /* Pets.swift */,
			);
			path = Models;
			sourceTree = "<group>";
		};
/* End PBXGroup section */

/* Begin PBXNativeTarget section */
		F1732A8A213EF7A600EB8CF8 /* Pets */ = {
			isa = PBXNativeTarget;
			buildConfigurationList = F1732A9D213EF7A700EB8CF8 /* Build configuration list for PBXNativeTarget "Pets" */;
			buildPhases = (
				F1732A87213EF7A600EB8CF8 /* Sources */,
				F1732A88213EF7A600EB8CF8 /* Frameworks */,
				F1732A89213EF7A600EB8CF8 /* Resources */,
			);
			buildRules = (
			);
			dependencies = (
			);
			name = Pets;
			productName = Pets;
			productReference = F1732A8B213EF7A600EB8CF8 /* Pets.app */;
			productType = "com.apple.product-type.application";
		};
/* End PBXNativeTarget section */

/* Begin PBXProject section */
		F1732A83213EF7A600EB8CF8 /* Project object */ = {
			isa = PBXProject;
			attributes = {
				LastSwiftUpdateCheck = 0940;
				LastUpgradeCheck = 0940;
				ORGANIZATIONNAME = "Scott Bennett";
				TargetAttributes = {
					F1732A8A213EF7A600EB8CF8 = {
						CreatedOnToolsVersion = 9.4.1;
					};
				};
			};
			buildConfigurationList = F1732A86213EF7A600EB8CF8 /* Build configuration list for PBXProject "Pets" */;
			compatibilityVersion = "Xcode 9.3";
			developmentRegion = en;
			hasScannedForEncodings = 0;
			knownRegions = (
				en,
				Base,
			);
			mainGroup = F1732A82213EF7A600EB8CF8;
			productRefGroup = F1732A8C213EF7A600EB8CF8 /* Products */;
			projectDirPath = "";
			projectRoot = "";
			targets = (
				F1732A8A213EF7A600EB8CF8 /* Pets */,
			);
		};
/* End PBXProject section */

/* Begin PBXResourcesBuildPhase section */
		F1732A89213EF7A600EB8CF8 /* Resources */ = {
			isa = PBXResourcesBuildPhase;
			buildActionMask = 2147483647;
			files = (
				F1732A99213EF7A700EB8CF8 /* LaunchScreen.storyboard in Resources */,
				F1732A96213EF7A700EB8CF8 /* Assets.xcassets in Resources */,
				F1732A94213EF7A600EB8CF8 /* Main.storyboard in Resources */,
			);
			runOnlyForDeploymentPostprocessing = 0;
		};
/* End PBXResourcesBuildPhase section */

/* Begin PBXSourcesBuildPhase section */
		F1732A87213EF7A600EB8CF8 /* Sources */ = {
			isa = PBXSourcesBuildPhase;
			buildActionMask = 2147483647;
			files = (
				F1732A8F213EF7A600EB8CF8 /* AppDelegate.swift in Sources */,
				F1732AA5213EFA4800EB8CF8 /* PetsTableViewController.swift in Sources */,
				F1732AA7213EFA6600EB8CF8 /* Pets.swift in Sources */,
			);
			runOnlyForDeploymentPostprocessing = 0;
		};
/* End PBXSourcesBuildPhase section */

/* Begin PBXVariantGroup section */
		F1732A92213EF7A600EB8CF8 /* Main.storyboard */ = {
			isa = PBXVariantGroup;
			children = (
				F1732A93213EF7A600EB8CF8 /* Base */,
			);
			name = Main.storyboard;
			sourceTree = "<group>";
		};
		F1732A97213EF7A700EB8CF8 /* LaunchScreen.storyboard */ = {
			isa = PBXVariantGroup;
			children = (
				F1732A98213EF7A700EB8CF8 /* Base */,
			);
			name = LaunchScreen.storyboard;
			sourceTree = "<group>";
		};
/* End PBXVariantGroup section */

/* Begin XCBuildConfiguration section */
		F1732A9B213EF7A700EB8CF8 /* Debug */ = {
			isa = XCBuildConfiguration;
			buildSettings = {
				ALWAYS_SEARCH_USER_PATHS = NO;
				CLANG_ANALYZER_NONNULL = YES;
				CLANG_ANALYZER_NUMBER_OBJECT_CONVERSION = YES_AGGRESSIVE;
				CLANG_CXX_LANGUAGE_STANDARD = "gnu++14";
				CLANG_CXX_LIBRARY = "libc++";
				CLANG_ENABLE_MODULES = YES;
				CLANG_ENABLE_OBJC_ARC = YES;
				CLANG_ENABLE_OBJC_WEAK = YES;
				CLANG_WARN_BLOCK_CAPTURE_AUTORELEASING = YES;
				CLANG_WARN_BOOL_CONVERSION = YES;
				CLANG_WARN_COMMA = YES;
				CLANG_WARN_CONSTANT_CONVERSION = YES;
				CLANG_WARN_DEPRECATED_OBJC_IMPLEMENTATIONS = YES;
				CLANG_WARN_DIRECT_OBJC_ISA_USAGE = YES_ERROR;
				CLANG_WARN_DOCUMENTATION_COMMENTS = YES;
				CLANG_WARN_EMPTY_BODY = YES;
				CLANG_WARN_ENUM_CONVERSION = YES;
				CLANG_WARN_INFINITE_RECURSION = YES;
				CLANG_WARN_INT_CONVERSION = YES;
				CLANG_WARN_NON_LITERAL_NULL_CONVERSION = YES;
				CLANG_WARN_OBJC_IMPLICIT_RETAIN_SELF = YES;
				CLANG_WARN_OBJC_LITERAL_CONVERSION = YES;
				CLANG_WARN_OBJC_ROOT_CLASS = YES_ERROR;
				CLANG_WARN_RANGE_LOOP_ANALYSIS = YES;
				CLANG_WARN_STRICT_PROTOTYPES = YES;
				CLANG_WARN_SUSPICIOUS_MOVE = YES;
				CLANG_WARN_UNGUARDED_AVAILABILITY = YES_AGGRESSIVE;
				CLANG_WARN_UNREACHABLE_CODE = YES;
				CLANG_WARN__DUPLICATE_METHOD_MATCH = YES;
				CODE_SIGN_IDENTITY = "iPhone Developer";
				COPY_PHASE_STRIP = NO;
				DEBUG_INFORMATION_FORMAT = dwarf;
				ENABLE_STRICT_OBJC_MSGSEND = YES;
				ENABLE_TESTABILITY = YES;
				GCC_C_LANGUAGE_STANDARD = gnu11;
				GCC_DYNAMIC_NO_PIC = NO;
				GCC_NO_COMMON_BLOCKS = YES;
				GCC_OPTIMIZATION_LEVEL = 0;
				GCC_PREPROCESSOR_DEFINITIONS = (
					"DEBUG=1",
					"$(inherited)",
				);
				GCC_WARN_64_TO_32_BIT_CONVERSION = YES;
				GCC_WARN_ABOUT_RETURN_TYPE = YES_ERROR;
				GCC_WARN_UNDECLARED_SELECTOR = YES;
				GCC_WARN_UNINITIALIZED_AUTOS = YES_AGGRESSIVE;
				GCC_WARN_UNUSED_FUNCTION = YES;
				GCC_WARN_UNUSED_VARIABLE = YES;
				IPHONEOS_DEPLOYMENT_TARGET = 11.4;
				MTL_ENABLE_DEBUG_INFO = YES;
				ONLY_ACTIVE_ARCH = YES;
				SDKROOT = iphoneos;
				SWIFT_ACTIVE_COMPILATION_CONDITIONS = DEBUG;
				SWIFT_OPTIMIZATION_LEVEL = "-Onone";
			};
			name = Debug;
		};
		F1732A9C213EF7A700EB8CF8 /* Release */ = {
			isa = XCBuildConfiguration;
			buildSettings = {
				ALWAYS_SEARCH_USER_PATHS = NO;
				CLANG_ANALYZER_NONNULL = YES;
				CLANG_ANALYZER_NUMBER_OBJECT_CONVERSION = YES_AGGRESSIVE;
				CLANG_CXX_LANGUAGE_STANDARD = "gnu++14";
				CLANG_CXX_LIBRARY = "libc++";
				CLANG_ENABLE_MODULES = YES;
				CLANG_ENABLE_OBJC_ARC = YES;
				CLANG_ENABLE_OBJC_WEAK = YES;
				CLANG_WARN_BLOCK_CAPTURE_AUTORELEASING = YES;
				CLANG_WARN_BOOL_CONVERSION = YES;
				CLANG_WARN_COMMA = YES;
				CLANG_WARN_CONSTANT_CONVERSION = YES;
				CLANG_WARN_DEPRECATED_OBJC_IMPLEMENTATIONS = YES;
				CLANG_WARN_DIRECT_OBJC_ISA_USAGE = YES_ERROR;
				CLANG_WARN_DOCUMENTATION_COMMENTS = YES;
				CLANG_WARN_EMPTY_BODY = YES;
				CLANG_WARN_ENUM_CONVERSION = YES;
				CLANG_WARN_INFINITE_RECURSION = YES;
				CLANG_WARN_INT_CONVERSION = YES;
				CLANG_WARN_NON_LITERAL_NULL_CONVERSION = YES;
				CLANG_WARN_OBJC_IMPLICIT_RETAIN_SELF = YES;
				CLANG_WARN_OBJC_LITERAL_CONVERSION = YES;
				CLANG_WARN_OBJC_ROOT_CLASS = YES_ERROR;
				CLANG_WARN_RANGE_LOOP_ANALYSIS = YES;
				CLANG_WARN_STRICT_PROTOTYPES = YES;
				CLANG_WARN_SUSPICIOUS_MOVE = YES;
				CLANG_WARN_UNGUARDED_AVAILABILITY = YES_AGGRESSIVE;
				CLANG_WARN_UNREACHABLE_CODE = YES;
				CLANG_WARN__DUPLICATE_METHOD_MATCH = YES;
				CODE_SIGN_IDENTITY = "iPhone Developer";
				COPY_PHASE_STRIP = NO;
				DEBUG_INFORMATION_FORMAT = "dwarf-with-dsym";
				ENABLE_NS_ASSERTIONS = NO;
				ENABLE_STRICT_OBJC_MSGSEND = YES;
				GCC_C_LANGUAGE_STANDARD = gnu11;
				GCC_NO_COMMON_BLOCKS = YES;
				GCC_WARN_64_TO_32_BIT_CONVERSION = YES;
				GCC_WARN_ABOUT_RETURN_TYPE = YES_ERROR;
				GCC_WARN_UNDECLARED_SELECTOR = YES;
				GCC_WARN_UNINITIALIZED_AUTOS = YES_AGGRESSIVE;
				GCC_WARN_UNUSED_FUNCTION = YES;
				GCC_WARN_UNUSED_VARIABLE = YES;
				IPHONEOS_DEPLOYMENT_TARGET = 11.4;
				MTL_ENABLE_DEBUG_INFO = NO;
				SDKROOT = iphoneos;
				SWIFT_COMPILATION_MODE = wholemodule;
				SWIFT_OPTIMIZATION_LEVEL = "-O";
				VALIDATE_PRODUCT = YES;
			};
			name = Release;
		};
		F1732A9E213EF7A700EB8CF8 /* Debug */ = {
			isa = XCBuildConfiguration;
			buildSettings = {
				ASSETCATALOG_COMPILER_APPICON_NAME = AppIcon;
				CODE_SIGN_STYLE = Automatic;
				DEVELOPMENT_TEAM = 5KBWP959TD;
				INFOPLIST_FILE = "$(SRCROOT)/Pets/Resources/Info.plist";
				LD_RUNPATH_SEARCH_PATHS = (
					"$(inherited)",
					"@executable_path/Frameworks",
				);
				PRODUCT_BUNDLE_IDENTIFIER = com.expertservices.Pets;
				PRODUCT_NAME = "$(TARGET_NAME)";
				SWIFT_VERSION = 4.0;
				TARGETED_DEVICE_FAMILY = "1,2";
			};
			name = Debug;
		};
		F1732A9F213EF7A700EB8CF8 /* Release */ = {
			isa = XCBuildConfiguration;
			buildSettings = {
				ASSETCATALOG_COMPILER_APPICON_NAME = AppIcon;
				CODE_SIGN_STYLE = Automatic;
				DEVELOPMENT_TEAM = 5KBWP959TD;
				INFOPLIST_FILE = "$(SRCROOT)/Pets/Resources/Info.plist";
				LD_RUNPATH_SEARCH_PATHS = (
					"$(inherited)",
					"@executable_path/Frameworks",
				);
				PRODUCT_BUNDLE_IDENTIFIER = com.expertservices.Pets;
				PRODUCT_NAME = "$(TARGET_NAME)";
				SWIFT_VERSION = 4.0;
				TARGETED_DEVICE_FAMILY = "1,2";
			};
			name = Release;
		};
/* End XCBuildConfiguration section */

/* Begin XCConfigurationList section */
		F1732A86213EF7A600EB8CF8 /* Build configuration list for PBXProject "Pets" */ = {
			isa = XCConfigurationList;
			buildConfigurations = (
				F1732A9B213EF7A700EB8CF8 /* Debug */,
				F1732A9C213EF7A700EB8CF8 /* Release */,
			);
			defaultConfigurationIsVisible = 0;
			defaultConfigurationName = Release;
		};
		F1732A9D213EF7A700EB8CF8 /* Build configuration list for PBXNativeTarget "Pets" */ = {
			isa = XCConfigurationList;
			buildConfigurations = (
				F1732A9E213EF7A700EB8CF8 /* Debug */,
				F1732A9F213EF7A700EB8CF8 /* Release */,
			);
			defaultConfigurationIsVisible = 0;
			defaultConfigurationName = Release;
		};
/* End XCConfigurationList section */
	};
	rootObject = F1732A83213EF7A600EB8CF8 /* Project object */;
}
